Microsoft Visual Studio Solution File, Format Version 12.00
# Visual Studio Version 17
VisualStudioVersion = 17.5.2.0
MinimumVisualStudioVersion = 10.0.40219.1
Project("{FAE04EC0-301F-11D3-BF4B-00C04F79EFBC}") = "Agentiky", "Agentiky.csproj", "{D969BB21-151E-367F-CFA8-E0D5EF50051F}"
EndProject
Global
	GlobalSection(SolutionConfigurationPlatforms) = preSolution
		Debug|Any CPU = Debug|Any CPU
		Release|Any CPU = Release|Any CPU
	EndGlobalSection
	GlobalSection(ProjectConfigurationPlatforms) = postSolution
		{D969BB21-151E-367F-CFA8-E0D5EF50051F}.Debug|Any CPU.ActiveCfg = Debug|Any CPU
		{D969BB21-151E-367F-CFA8-E0D5EF50051F}.Debug|Any CPU.Build.0 = Debug|Any CPU
		{D969BB21-151E-367F-CFA8-E0D5EF50051F}.Release|Any CPU.ActiveCfg = Release|Any CPU
		{D969BB21-151E-367F-CFA8-E0D5EF50051F}.Release|Any CPU.Build.0 = Release|Any CPU
	EndGlobalSection
	GlobalSection(SolutionProperties) = preSolution
		HideSolutionNode = FALSE
	EndGlobalSection
	GlobalSection(ExtensibilityGlobals) = postSolution
		SolutionGuid = {7DF3662A-7E51-4F16-AD57-C4BFA57F7E32}
	EndGlobalSection
EndGlobal
