
Microsoft Visual Studio Solution File, Format Version 12.00
# Visual Studio Version 17
VisualStudioVersion = 17.13.35825.156 d17.13
MinimumVisualStudioVersion = 10.0.40219.1
Project("{FAE04EC0-301F-11D3-BF4B-00C04F79EFBC}") = "Agentiky", "Agentiky\Agentiky.csproj", "{90EDBE1E-24A9-44E8-B36F-7787B232D408}"
EndProject
Global
	GlobalSection(SolutionConfigurationPlatforms) = preSolution
		Debug|Any CPU = Debug|Any CPU
		Release|Any CPU = Release|Any CPU
	EndGlobalSection
	GlobalSection(ProjectConfigurationPlatforms) = postSolution
		{90EDBE1E-24A9-44E8-B36F-7787B232D408}.Debug|Any CPU.ActiveCfg = Debug|Any CPU
		{90EDBE1E-24A9-44E8-B36F-7787B232D408}.Debug|Any CPU.Build.0 = Debug|Any CPU
		{90EDBE1E-24A9-44E8-B36F-7787B232D408}.Release|Any CPU.ActiveCfg = Release|Any CPU
		{90EDBE1E-24A9-44E8-B36F-7787B232D408}.Release|Any CPU.Build.0 = Release|Any CPU
	EndGlobalSection
	GlobalSection(SolutionProperties) = preSolution
		HideSolutionNode = FALSE
	EndGlobalSection
	GlobalSection(ExtensibilityGlobals) = postSolution
		SolutionGuid = {AA9D61BB-E699-467E-840E-90DD6399CF42}
	EndGlobalSection
EndGlobal
